
Microsoft Visual Studio Solution File, Format Version 12.00
# Visual Studio Version 17
VisualStudioVersion = 17.7.34221.43
MinimumVisualStudioVersion = 10.0.40219.1
Project("{FAE04EC0-301F-11D3-BF4B-00C04F79EFBC}") = "Site do Iago", "Site do Iago.csproj", "{DA249819-9DFB-4BA1-A1C6-C9F5EB0D7FC4}"
EndProject
Global
	GlobalSection(SolutionConfigurationPlatforms) = preSolution
		Debug|Any CPU = Debug|Any CPU
		Release|Any CPU = Release|Any CPU
	EndGlobalSection
	GlobalSection(ProjectConfigurationPlatforms) = postSolution
		{DA249819-9DFB-4BA1-A1C6-C9F5EB0D7FC4}.Debug|Any CPU.ActiveCfg = Debug|Any CPU
		{DA249819-9DFB-4BA1-A1C6-C9F5EB0D7FC4}.Debug|Any CPU.Build.0 = Debug|Any CPU
		{DA249819-9DFB-4BA1-A1C6-C9F5EB0D7FC4}.Release|Any CPU.ActiveCfg = Release|Any CPU
		{DA249819-9DFB-4BA1-A1C6-C9F5EB0D7FC4}.Release|Any CPU.Build.0 = Release|Any CPU
	EndGlobalSection
	GlobalSection(SolutionProperties) = preSolution
		HideSolutionNode = FALSE
	EndGlobalSection
	GlobalSection(ExtensibilityGlobals) = postSolution
		SolutionGuid = {628D5C25-2253-404A-8AD4-624ECC4E2641}
	EndGlobalSection
EndGlobal
