
Microsoft Visual Studio Solution File, Format Version 12.00
# Visual Studio Version 17
VisualStudioVersion = 17.8.34330.188
MinimumVisualStudioVersion = 10.0.40219.1
Project("{FAE04EC0-301F-11D3-BF4B-00C04F79EFBC}") = "que lindo cara", "que lindo cara\que lindo cara.csproj", "{77FF46AB-7631-4BB3-B968-B4E3CDECDA1E}"
EndProject
Global
	GlobalSection(SolutionConfigurationPlatforms) = preSolution
		Debug|Any CPU = Debug|Any CPU
		Release|Any CPU = Release|Any CPU
	EndGlobalSection
	GlobalSection(ProjectConfigurationPlatforms) = postSolution
		{77FF46AB-7631-4BB3-B968-B4E3CDECDA1E}.Debug|Any CPU.ActiveCfg = Debug|Any CPU
		{77FF46AB-7631-4BB3-B968-B4E3CDECDA1E}.Debug|Any CPU.Build.0 = Debug|Any CPU
		{77FF46AB-7631-4BB3-B968-B4E3CDECDA1E}.Release|Any CPU.ActiveCfg = Release|Any CPU
		{77FF46AB-7631-4BB3-B968-B4E3CDECDA1E}.Release|Any CPU.Build.0 = Release|Any CPU
	EndGlobalSection
	GlobalSection(SolutionProperties) = preSolution
		HideSolutionNode = FALSE
	EndGlobalSection
	GlobalSection(ExtensibilityGlobals) = postSolution
		SolutionGuid = {ACDE3BC6-7DF4-4A9E-B3D3-FC8E0C892F42}
	EndGlobalSection
EndGlobal
