
Microsoft Visual Studio Solution File, Format Version 12.00
# Visual Studio Version 17
VisualStudioVersion = 17.7.34221.43
MinimumVisualStudioVersion = 10.0.40219.1
Project("{FAE04EC0-301F-11D3-BF4B-00C04F79EFBC}") = "Tela de login", "Tela de login.csproj", "{F21EE843-3A6C-44B1-9AE2-950D9086913B}"
EndProject
Global
	GlobalSection(SolutionConfigurationPlatforms) = preSolution
		Debug|Any CPU = Debug|Any CPU
		Release|Any CPU = Release|Any CPU
	EndGlobalSection
	GlobalSection(ProjectConfigurationPlatforms) = postSolution
		{F21EE843-3A6C-44B1-9AE2-950D9086913B}.Debug|Any CPU.ActiveCfg = Debug|Any CPU
		{F21EE843-3A6C-44B1-9AE2-950D9086913B}.Debug|Any CPU.Build.0 = Debug|Any CPU
		{F21EE843-3A6C-44B1-9AE2-950D9086913B}.Release|Any CPU.ActiveCfg = Release|Any CPU
		{F21EE843-3A6C-44B1-9AE2-950D9086913B}.Release|Any CPU.Build.0 = Release|Any CPU
	EndGlobalSection
	GlobalSection(SolutionProperties) = preSolution
		HideSolutionNode = FALSE
	EndGlobalSection
	GlobalSection(ExtensibilityGlobals) = postSolution
		SolutionGuid = {791FE454-FC19-4829-8FB2-801CE7CA047A}
	EndGlobalSection
EndGlobal
