
Microsoft Visual Studio Solution File, Format Version 12.00
# Visual Studio Version 17
VisualStudioVersion = 17.7.34009.444
MinimumVisualStudioVersion = 10.0.40219.1
Project("{FAE04EC0-301F-11D3-BF4B-00C04F79EFBC}") = "Exercícios de estrutura de repetição", "Exercícios de estrutura de repetição.csproj", "{D43A3086-BDDD-4032-9CAC-DBE70EE5798F}"
EndProject
Global
	GlobalSection(SolutionConfigurationPlatforms) = preSolution
		Debug|Any CPU = Debug|Any CPU
		Release|Any CPU = Release|Any CPU
	EndGlobalSection
	GlobalSection(ProjectConfigurationPlatforms) = postSolution
		{D43A3086-BDDD-4032-9CAC-DBE70EE5798F}.Debug|Any CPU.ActiveCfg = Debug|Any CPU
		{D43A3086-BDDD-4032-9CAC-DBE70EE5798F}.Debug|Any CPU.Build.0 = Debug|Any CPU
		{D43A3086-BDDD-4032-9CAC-DBE70EE5798F}.Release|Any CPU.ActiveCfg = Release|Any CPU
		{D43A3086-BDDD-4032-9CAC-DBE70EE5798F}.Release|Any CPU.Build.0 = Release|Any CPU
	EndGlobalSection
	GlobalSection(SolutionProperties) = preSolution
		HideSolutionNode = FALSE
	EndGlobalSection
	GlobalSection(ExtensibilityGlobals) = postSolution
		SolutionGuid = {463179EC-9956-470F-896D-AD445C98EE6D}
	EndGlobalSection
EndGlobal
