
Microsoft Visual Studio Solution File, Format Version 12.00
# Visual Studio Version 17
VisualStudioVersion = 17.7.34009.444
MinimumVisualStudioVersion = 10.0.40219.1
Project("{FAE04EC0-301F-11D3-BF4B-00C04F79EFBC}") = "Variaveis", "Variaveis.csproj", "{C1F6F7AC-2283-4E84-B3FA-E9377FA4083B}"
EndProject
Global
	GlobalSection(SolutionConfigurationPlatforms) = preSolution
		Debug|Any CPU = Debug|Any CPU
		Release|Any CPU = Release|Any CPU
	EndGlobalSection
	GlobalSection(ProjectConfigurationPlatforms) = postSolution
		{C1F6F7AC-2283-4E84-B3FA-E9377FA4083B}.Debug|Any CPU.ActiveCfg = Debug|Any CPU
		{C1F6F7AC-2283-4E84-B3FA-E9377FA4083B}.Debug|Any CPU.Build.0 = Debug|Any CPU
		{C1F6F7AC-2283-4E84-B3FA-E9377FA4083B}.Release|Any CPU.ActiveCfg = Release|Any CPU
		{C1F6F7AC-2283-4E84-B3FA-E9377FA4083B}.Release|Any CPU.Build.0 = Release|Any CPU
	EndGlobalSection
	GlobalSection(SolutionProperties) = preSolution
		HideSolutionNode = FALSE
	EndGlobalSection
	GlobalSection(ExtensibilityGlobals) = postSolution
		SolutionGuid = {6EB6D258-E776-48E8-8863-526CE0BFAF04}
	EndGlobalSection
EndGlobal
