
Microsoft Visual Studio Solution File, Format Version 12.00
# Visual Studio Version 17
VisualStudioVersion = 17.7.34221.43
MinimumVisualStudioVersion = 10.0.40219.1
Project("{FAE04EC0-301F-11D3-BF4B-00C04F79EFBC}") = "CRUD", "CRUD.csproj", "{8FD71557-8D76-4EBC-A18F-83ECA9BABCE4}"
EndProject
Global
	GlobalSection(SolutionConfigurationPlatforms) = preSolution
		Debug|Any CPU = Debug|Any CPU
		Release|Any CPU = Release|Any CPU
	EndGlobalSection
	GlobalSection(ProjectConfigurationPlatforms) = postSolution
		{8FD71557-8D76-4EBC-A18F-83ECA9BABCE4}.Debug|Any CPU.ActiveCfg = Debug|Any CPU
		{8FD71557-8D76-4EBC-A18F-83ECA9BABCE4}.Debug|Any CPU.Build.0 = Debug|Any CPU
		{8FD71557-8D76-4EBC-A18F-83ECA9BABCE4}.Release|Any CPU.ActiveCfg = Release|Any CPU
		{8FD71557-8D76-4EBC-A18F-83ECA9BABCE4}.Release|Any CPU.Build.0 = Release|Any CPU
	EndGlobalSection
	GlobalSection(SolutionProperties) = preSolution
		HideSolutionNode = FALSE
	EndGlobalSection
	GlobalSection(ExtensibilityGlobals) = postSolution
		SolutionGuid = {AF4A2AE6-4C5C-496C-A56A-47803B4C19EE}
	EndGlobalSection
EndGlobal
