
Microsoft Visual Studio Solution File, Format Version 12.00
# Visual Studio Version 17
VisualStudioVersion = 17.7.34009.444
MinimumVisualStudioVersion = 10.0.40219.1
Project("{FAE04EC0-301F-11D3-BF4B-00C04F79EFBC}") = "Classe_imóvel", "Classe_imóvel.csproj", "{0F292F38-3808-481B-872A-ED843DDFB40D}"
EndProject
Global
	GlobalSection(SolutionConfigurationPlatforms) = preSolution
		Debug|Any CPU = Debug|Any CPU
		Release|Any CPU = Release|Any CPU
	EndGlobalSection
	GlobalSection(ProjectConfigurationPlatforms) = postSolution
		{0F292F38-3808-481B-872A-ED843DDFB40D}.Debug|Any CPU.ActiveCfg = Debug|Any CPU
		{0F292F38-3808-481B-872A-ED843DDFB40D}.Debug|Any CPU.Build.0 = Debug|Any CPU
		{0F292F38-3808-481B-872A-ED843DDFB40D}.Release|Any CPU.ActiveCfg = Release|Any CPU
		{0F292F38-3808-481B-872A-ED843DDFB40D}.Release|Any CPU.Build.0 = Release|Any CPU
	EndGlobalSection
	GlobalSection(SolutionProperties) = preSolution
		HideSolutionNode = FALSE
	EndGlobalSection
	GlobalSection(ExtensibilityGlobals) = postSolution
		SolutionGuid = {DD4E0682-E24A-41F8-880A-4BDD36987C96}
	EndGlobalSection
EndGlobal
