
Microsoft Visual Studio Solution File, Format Version 12.00
# Visual Studio Version 17
VisualStudioVersion = 17.7.34009.444
MinimumVisualStudioVersion = 10.0.40219.1
Project("{FAE04EC0-301F-11D3-BF4B-00C04F79EFBC}") = "DropBox", "DropBox.csproj", "{EFC75F98-F387-4D6D-9263-7F8C5BC5FE79}"
EndProject
Global
	GlobalSection(SolutionConfigurationPlatforms) = preSolution
		Debug|Any CPU = Debug|Any CPU
		Release|Any CPU = Release|Any CPU
	EndGlobalSection
	GlobalSection(ProjectConfigurationPlatforms) = postSolution
		{EFC75F98-F387-4D6D-9263-7F8C5BC5FE79}.Debug|Any CPU.ActiveCfg = Debug|Any CPU
		{EFC75F98-F387-4D6D-9263-7F8C5BC5FE79}.Debug|Any CPU.Build.0 = Debug|Any CPU
		{EFC75F98-F387-4D6D-9263-7F8C5BC5FE79}.Release|Any CPU.ActiveCfg = Release|Any CPU
		{EFC75F98-F387-4D6D-9263-7F8C5BC5FE79}.Release|Any CPU.Build.0 = Release|Any CPU
	EndGlobalSection
	GlobalSection(SolutionProperties) = preSolution
		HideSolutionNode = FALSE
	EndGlobalSection
	GlobalSection(ExtensibilityGlobals) = postSolution
		SolutionGuid = {A5749722-A432-44C6-AEFB-9714C1A910C0}
	EndGlobalSection
EndGlobal
